
Microsoft Visual Studio Solution File, Format Version 10.00
# Visual Studio 2008
Project("{FAE04EC0-301F-11D3-BF4B-00C04F79EFBC}") = "RecapsulationCodes", "RecapsulationCodes\RecapsulationCodes.csproj", "{78091245-706E-4515-9187-DB3DAB5E19E1}"
EndProject
Project("{FAE04EC0-301F-11D3-BF4B-00C04F79EFBC}") = "My_ConsoleAplication", "..\My_ConsoleApplication\My_ConsoleAplication\My_ConsoleAplication\My_ConsoleAplication.csproj", "{DEBA55F8-31C9-4B29-9817-4EC9792FC2F4}"
EndProject
Global
	GlobalSection(SolutionConfigurationPlatforms) = preSolution
		Debug|Any CPU = Debug|Any CPU
		Release|Any CPU = Release|Any CPU
	EndGlobalSection
	GlobalSection(ProjectConfigurationPlatforms) = postSolution
		{78091245-706E-4515-9187-DB3DAB5E19E1}.Debug|Any CPU.ActiveCfg = Debug|Any CPU
		{78091245-706E-4515-9187-DB3DAB5E19E1}.Debug|Any CPU.Build.0 = Debug|Any CPU
		{78091245-706E-4515-9187-DB3DAB5E19E1}.Release|Any CPU.ActiveCfg = Release|Any CPU
		{78091245-706E-4515-9187-DB3DAB5E19E1}.Release|Any CPU.Build.0 = Release|Any CPU
		{DEBA55F8-31C9-4B29-9817-4EC9792FC2F4}.Debug|Any CPU.ActiveCfg = Debug|Any CPU
		{DEBA55F8-31C9-4B29-9817-4EC9792FC2F4}.Debug|Any CPU.Build.0 = Debug|Any CPU
		{DEBA55F8-31C9-4B29-9817-4EC9792FC2F4}.Release|Any CPU.ActiveCfg = Release|Any CPU
		{DEBA55F8-31C9-4B29-9817-4EC9792FC2F4}.Release|Any CPU.Build.0 = Release|Any CPU
	EndGlobalSection
	GlobalSection(SolutionProperties) = preSolution
		HideSolutionNode = FALSE
	EndGlobalSection
EndGlobal
